
Microsoft Visual Studio Solution File, Format Version 12.00
# Visual Studio Version 16
VisualStudioVersion = 16.0.29215.179
MinimumVisualStudioVersion = 10.0.40219.1
Project("{E53339B2-1760-4266-BCC7-CA923CBCF16C}") = "docker-compose", "docker-compose.dcproj", "{CE1DEB9A-C2E7-4560-8F9B-C8B7131C374E}"
EndProject
Project("{9A19103F-16F7-4668-BE54-9A1E7A4F7556}") = "Inventory.UnitTests", "Inventory.UnitTests\Inventory.UnitTests.csproj", "{3C178FC7-EFC1-4797-A104-6301F15DD1A0}"
EndProject
Project("{9A19103F-16F7-4668-BE54-9A1E7A4F7556}") = "Inventory.Infrastructure", "Inventory.Infrastructure\Inventory.Infrastructure.csproj", "{CBF9DCF1-5D44-4245-BFDF-45CCB213D37A}"
EndProject
Project("{9A19103F-16F7-4668-BE54-9A1E7A4F7556}") = "Inventory.Domain", "Inventory.Domain\Inventory.Domain.csproj", "{14EC8422-7759-489D-B076-79846638E111}"
EndProject
Project("{9A19103F-16F7-4668-BE54-9A1E7A4F7556}") = "Inventory.API", "Inventory.API\Inventory.API.csproj", "{516B9B81-263E-4809-9673-EDEBD0474EB8}"
EndProject
Global
	GlobalSection(SolutionConfigurationPlatforms) = preSolution
		Debug|Any CPU = Debug|Any CPU
		Release|Any CPU = Release|Any CPU
	EndGlobalSection
	GlobalSection(ProjectConfigurationPlatforms) = postSolution
		{CE1DEB9A-C2E7-4560-8F9B-C8B7131C374E}.Debug|Any CPU.ActiveCfg = Debug|Any CPU
		{CE1DEB9A-C2E7-4560-8F9B-C8B7131C374E}.Debug|Any CPU.Build.0 = Debug|Any CPU
		{CE1DEB9A-C2E7-4560-8F9B-C8B7131C374E}.Release|Any CPU.ActiveCfg = Release|Any CPU
		{CE1DEB9A-C2E7-4560-8F9B-C8B7131C374E}.Release|Any CPU.Build.0 = Release|Any CPU
		{3C178FC7-EFC1-4797-A104-6301F15DD1A0}.Debug|Any CPU.ActiveCfg = Debug|Any CPU
		{3C178FC7-EFC1-4797-A104-6301F15DD1A0}.Debug|Any CPU.Build.0 = Debug|Any CPU
		{3C178FC7-EFC1-4797-A104-6301F15DD1A0}.Release|Any CPU.ActiveCfg = Release|Any CPU
		{3C178FC7-EFC1-4797-A104-6301F15DD1A0}.Release|Any CPU.Build.0 = Release|Any CPU
		{CBF9DCF1-5D44-4245-BFDF-45CCB213D37A}.Debug|Any CPU.ActiveCfg = Debug|Any CPU
		{CBF9DCF1-5D44-4245-BFDF-45CCB213D37A}.Debug|Any CPU.Build.0 = Debug|Any CPU
		{CBF9DCF1-5D44-4245-BFDF-45CCB213D37A}.Release|Any CPU.ActiveCfg = Release|Any CPU
		{CBF9DCF1-5D44-4245-BFDF-45CCB213D37A}.Release|Any CPU.Build.0 = Release|Any CPU
		{14EC8422-7759-489D-B076-79846638E111}.Debug|Any CPU.ActiveCfg = Debug|Any CPU
		{14EC8422-7759-489D-B076-79846638E111}.Debug|Any CPU.Build.0 = Debug|Any CPU
		{14EC8422-7759-489D-B076-79846638E111}.Release|Any CPU.ActiveCfg = Release|Any CPU
		{14EC8422-7759-489D-B076-79846638E111}.Release|Any CPU.Build.0 = Release|Any CPU
		{516B9B81-263E-4809-9673-EDEBD0474EB8}.Debug|Any CPU.ActiveCfg = Debug|Any CPU
		{516B9B81-263E-4809-9673-EDEBD0474EB8}.Debug|Any CPU.Build.0 = Debug|Any CPU
		{516B9B81-263E-4809-9673-EDEBD0474EB8}.Release|Any CPU.ActiveCfg = Release|Any CPU
		{516B9B81-263E-4809-9673-EDEBD0474EB8}.Release|Any CPU.Build.0 = Release|Any CPU
	EndGlobalSection
	GlobalSection(SolutionProperties) = preSolution
		HideSolutionNode = FALSE
	EndGlobalSection
	GlobalSection(ExtensibilityGlobals) = postSolution
		SolutionGuid = {AB29300A-8C08-46DC-BB08-CF404BF53598}
	EndGlobalSection
EndGlobal
